
Microsoft Visual Studio Solution File, Format Version 12.00
# Visual Studio Version 16
VisualStudioVersion = 16.0.29609.76
MinimumVisualStudioVersion = 10.0.40219.1
Project("{FAE04EC0-301F-11D3-BF4B-00C04F79EFBC}") = "Cooooder", "..\Cooooder\Cooooder.csproj", "{69D6A386-8761-4F3C-87D1-AA1F0B184520}"
EndProject
Global
	GlobalSection(SolutionConfigurationPlatforms) = preSolution
		Debug|Any CPU = Debug|Any CPU
		Release|Any CPU = Release|Any CPU
	EndGlobalSection
	GlobalSection(ProjectConfigurationPlatforms) = postSolution
		{69D6A386-8761-4F3C-87D1-AA1F0B184520}.Debug|Any CPU.ActiveCfg = Debug|Any CPU
		{69D6A386-8761-4F3C-87D1-AA1F0B184520}.Debug|Any CPU.Build.0 = Debug|Any CPU
		{69D6A386-8761-4F3C-87D1-AA1F0B184520}.Release|Any CPU.ActiveCfg = Release|Any CPU
		{69D6A386-8761-4F3C-87D1-AA1F0B184520}.Release|Any CPU.Build.0 = Release|Any CPU
	EndGlobalSection
	GlobalSection(SolutionProperties) = preSolution
		HideSolutionNode = FALSE
	EndGlobalSection
	GlobalSection(ExtensibilityGlobals) = postSolution
		SolutionGuid = {106FC847-0994-4AD3-BAC1-CAF605107AD1}
	EndGlobalSection
EndGlobal
